
Microsoft Visual Studio Solution File, Format Version 12.00
# Visual Studio Version 17
VisualStudioVersion = 17.1.32328.378
MinimumVisualStudioVersion = 10.0.40219.1
Project("{2150E333-8FDC-42A3-9474-1A3956D46DE8}") = "Solution Items", "Solution Items", "{37754075-B019-4B01-986A-C0A5C70E28C3}"
	ProjectSection(SolutionItems) = preProject
		.editorconfig = .editorconfig
	EndProjectSection
EndProject
Project("{9A19103F-16F7-4668-BE54-9A1E7A4F7556}") = "IotApis", "IotApis\IotApis.csproj", "{7DEC8ACA-4D10-4781-830C-F1BD117E616E}"
EndProject
Project("{9A19103F-16F7-4668-BE54-9A1E7A4F7556}") = "IotCommon", "IotCommon\IotCommon.csproj", "{E1EFD883-4056-4673-B1D8-1EF51F6F641F}"
EndProject
Project("{9A19103F-16F7-4668-BE54-9A1E7A4F7556}") = "IotFuncs", "IotFuncs\IotFuncs.csproj", "{613E47EB-609C-4935-B622-0F9669D8573A}"
EndProject
Global
	GlobalSection(SolutionConfigurationPlatforms) = preSolution
		Debug|Any CPU = Debug|Any CPU
		Release|Any CPU = Release|Any CPU
	EndGlobalSection
	GlobalSection(ProjectConfigurationPlatforms) = postSolution
		{7DEC8ACA-4D10-4781-830C-F1BD117E616E}.Debug|Any CPU.ActiveCfg = Debug|Any CPU
		{7DEC8ACA-4D10-4781-830C-F1BD117E616E}.Debug|Any CPU.Build.0 = Debug|Any CPU
		{7DEC8ACA-4D10-4781-830C-F1BD117E616E}.Release|Any CPU.ActiveCfg = Release|Any CPU
		{7DEC8ACA-4D10-4781-830C-F1BD117E616E}.Release|Any CPU.Build.0 = Release|Any CPU
		{E1EFD883-4056-4673-B1D8-1EF51F6F641F}.Debug|Any CPU.ActiveCfg = Debug|Any CPU
		{E1EFD883-4056-4673-B1D8-1EF51F6F641F}.Debug|Any CPU.Build.0 = Debug|Any CPU
		{E1EFD883-4056-4673-B1D8-1EF51F6F641F}.Release|Any CPU.ActiveCfg = Release|Any CPU
		{E1EFD883-4056-4673-B1D8-1EF51F6F641F}.Release|Any CPU.Build.0 = Release|Any CPU
		{613E47EB-609C-4935-B622-0F9669D8573A}.Debug|Any CPU.ActiveCfg = Debug|Any CPU
		{613E47EB-609C-4935-B622-0F9669D8573A}.Debug|Any CPU.Build.0 = Debug|Any CPU
		{613E47EB-609C-4935-B622-0F9669D8573A}.Release|Any CPU.ActiveCfg = Release|Any CPU
		{613E47EB-609C-4935-B622-0F9669D8573A}.Release|Any CPU.Build.0 = Release|Any CPU
	EndGlobalSection
	GlobalSection(SolutionProperties) = preSolution
		HideSolutionNode = FALSE
	EndGlobalSection
	GlobalSection(ExtensibilityGlobals) = postSolution
		SolutionGuid = {FF8312CB-2C82-467D-B0DB-350FDB6EE0C5}
	EndGlobalSection
EndGlobal
